
Microsoft Visual Studio Solution File, Format Version 10.00
# Visual Studio 2008
Project("{FAE04EC0-301F-11D3-BF4B-00C04F79EFBC}") = "Basic Widget1", "Basic Widget1\Basic Widget1.csproj", "{80DC22A1-A219-4FDC-A498-A745CCDCDA16}"
EndProject
Global
	GlobalSection(SolutionConfigurationPlatforms) = preSolution
		Debug|Any CPU = Debug|Any CPU
		Release|Any CPU = Release|Any CPU
	EndGlobalSection
	GlobalSection(ProjectConfigurationPlatforms) = postSolution
		{80DC22A1-A219-4FDC-A498-A745CCDCDA16}.Debug|Any CPU.ActiveCfg = Debug|Any CPU
		{80DC22A1-A219-4FDC-A498-A745CCDCDA16}.Debug|Any CPU.Build.0 = Debug|Any CPU
		{80DC22A1-A219-4FDC-A498-A745CCDCDA16}.Release|Any CPU.ActiveCfg = Release|Any CPU
		{80DC22A1-A219-4FDC-A498-A745CCDCDA16}.Release|Any CPU.Build.0 = Release|Any CPU
	EndGlobalSection
	GlobalSection(SolutionProperties) = preSolution
		HideSolutionNode = FALSE
	EndGlobalSection
EndGlobal
