
Microsoft Visual Studio Solution File, Format Version 10.00
# Visual Studio 2008
Project("{FAE04EC0-301F-11D3-BF4B-00C04F79EFBC}") = "Import Web Runtime Widget2", "Import Web Runtime Widget2.csproj", "{099E34F8-86CF-48B3-AEFE-CABA8E0FE6A4}"
EndProject
Global
	GlobalSection(SolutionConfigurationPlatforms) = preSolution
		Debug|Any CPU = Debug|Any CPU
		Release|Any CPU = Release|Any CPU
	EndGlobalSection
	GlobalSection(ProjectConfigurationPlatforms) = postSolution
		{099E34F8-86CF-48B3-AEFE-CABA8E0FE6A4}.Debug|Any CPU.ActiveCfg = Debug|Any CPU
		{099E34F8-86CF-48B3-AEFE-CABA8E0FE6A4}.Debug|Any CPU.Build.0 = Debug|Any CPU
		{099E34F8-86CF-48B3-AEFE-CABA8E0FE6A4}.Release|Any CPU.ActiveCfg = Release|Any CPU
		{099E34F8-86CF-48B3-AEFE-CABA8E0FE6A4}.Release|Any CPU.Build.0 = Release|Any CPU
	EndGlobalSection
	GlobalSection(SolutionProperties) = preSolution
		HideSolutionNode = FALSE
	EndGlobalSection
EndGlobal
